{
  "name": "node-examples",
  "lockfileVersion": 3,
  "requires": true,
  "packages": {
    "": {
      "name": "node-examples",
      "dependencies": {
        "@rdkit/rdkit": "file:../.."
      }
    },
    "../..": {
      "name": "@rdkit/rdkit",
      "version": "2025.3.1-1.0.0",
      "license": "BSD-3-Clause",
      "devDependencies": {
        "prettier": "^2.8.8",
        "serve": "^14.1.2",
        "tsup": "^8.5.1",
        "typedoc": "^0.28.19",
        "typescript": "^5.9.3"
      }
    },
    "node_modules/@rdkit/rdkit": {
      "resolved": "../..",
      "link": true
    }
  }
}
